<Solution>
  <Folder Name="/CSharpTutorials/">
    <Project Path="CSharpTutorials/CSharpTutorials.csproj" />
  </Folder>
  <Folder Name="/CSharpTutorialsTests/">
    <Project Path="CSharpTutorialsTests/CSharpTutorialsTests.csproj" />
  </Folder>
  <Folder Name="/NetLearning/">
    <Project Path="ClassLibrary1/ClassLibrary1.csproj" />
  </Folder>
</Solution>
